
Microsoft Visual Studio Solution File, Format Version 12.00
# Visual Studio Version 17
VisualStudioVersion = 17.3.32901.215
MinimumVisualStudioVersion = 10.0.40219.1
Project("{FAE04EC0-301F-11D3-BF4B-00C04F79EFBC}") = "JWT-Practice", "JWT-Practice\JWT-Practice.csproj", "{788C6EED-1990-406F-B552-1D9F66151B9D}"
EndProject
Global
	GlobalSection(SolutionConfigurationPlatforms) = preSolution
		Debug|Any CPU = Debug|Any CPU
		Release|Any CPU = Release|Any CPU
	EndGlobalSection
	GlobalSection(ProjectConfigurationPlatforms) = postSolution
		{788C6EED-1990-406F-B552-1D9F66151B9D}.Debug|Any CPU.ActiveCfg = Debug|Any CPU
		{788C6EED-1990-406F-B552-1D9F66151B9D}.Debug|Any CPU.Build.0 = Debug|Any CPU
		{788C6EED-1990-406F-B552-1D9F66151B9D}.Release|Any CPU.ActiveCfg = Release|Any CPU
		{788C6EED-1990-406F-B552-1D9F66151B9D}.Release|Any CPU.Build.0 = Release|Any CPU
	EndGlobalSection
	GlobalSection(SolutionProperties) = preSolution
		HideSolutionNode = FALSE
	EndGlobalSection
	GlobalSection(ExtensibilityGlobals) = postSolution
		SolutionGuid = {E6232A20-F26F-4A7F-9023-F3EB97872F5E}
	EndGlobalSection
EndGlobal
